
Microsoft Visual Studio Solution File, Format Version 12.00
# Visual Studio 14
VisualStudioVersion = 14.0.25420.1
MinimumVisualStudioVersion = 10.0.40219.1
Project("{E24C65DC-7377-472B-9ABA-BC803B73C61A}") = "ListaCompras", ".", "{92069019-A831-4B68-BC6E-14D44A2A0700}"
	ProjectSection(WebsiteProperties) = preProject
		TargetFrameworkMoniker = ".NETFramework,Version%3Dv4.6"
		Debug.AspNetCompiler.VirtualPath = "/localhost_32653"
		Debug.AspNetCompiler.PhysicalPath = "..\ListaCompras\"
		Debug.AspNetCompiler.TargetPath = "PrecompiledWeb\localhost_32653\"
		Debug.AspNetCompiler.Updateable = "true"
		Debug.AspNetCompiler.ForceOverwrite = "true"
		Debug.AspNetCompiler.FixedNames = "false"
		Debug.AspNetCompiler.Debug = "True"
		Release.AspNetCompiler.VirtualPath = "/localhost_32653"
		Release.AspNetCompiler.PhysicalPath = "..\ListaCompras\"
		Release.AspNetCompiler.TargetPath = "PrecompiledWeb\localhost_32653\"
		Release.AspNetCompiler.Updateable = "true"
		Release.AspNetCompiler.ForceOverwrite = "true"
		Release.AspNetCompiler.FixedNames = "false"
		Release.AspNetCompiler.Debug = "False"
		VWDPort = "32653"
		SlnRelativePath = "..\ListaCompras\"
	EndProjectSection
EndProject
Global
	GlobalSection(SolutionConfigurationPlatforms) = preSolution
		Debug|Any CPU = Debug|Any CPU
	EndGlobalSection
	GlobalSection(ProjectConfigurationPlatforms) = postSolution
		{92069019-A831-4B68-BC6E-14D44A2A0700}.Debug|Any CPU.ActiveCfg = Debug|Any CPU
		{92069019-A831-4B68-BC6E-14D44A2A0700}.Debug|Any CPU.Build.0 = Debug|Any CPU
	EndGlobalSection
	GlobalSection(SolutionProperties) = preSolution
		HideSolutionNode = FALSE
	EndGlobalSection
EndGlobal
